
Microsoft Visual Studio Solution File, Format Version 12.00
# Visual Studio 15
VisualStudioVersion = 15.0.27130.2027
MinimumVisualStudioVersion = 10.0.40219.1
Project("{FAE04EC0-301F-11D3-BF4B-00C04F79EFBC}") = "CSBombmanClient", "CSBombmanClient\CSBombmanClient.csproj", "{A8E26967-2C12-4369-95E4-413A6A4450D5}"
EndProject
Global
	GlobalSection(SolutionConfigurationPlatforms) = preSolution
		Debug|Any CPU = Debug|Any CPU
		Release|Any CPU = Release|Any CPU
	EndGlobalSection
	GlobalSection(ProjectConfigurationPlatforms) = postSolution
		{A8E26967-2C12-4369-95E4-413A6A4450D5}.Debug|Any CPU.ActiveCfg = Debug|Any CPU
		{A8E26967-2C12-4369-95E4-413A6A4450D5}.Debug|Any CPU.Build.0 = Debug|Any CPU
		{A8E26967-2C12-4369-95E4-413A6A4450D5}.Release|Any CPU.ActiveCfg = Release|Any CPU
		{A8E26967-2C12-4369-95E4-413A6A4450D5}.Release|Any CPU.Build.0 = Release|Any CPU
	EndGlobalSection
	GlobalSection(SolutionProperties) = preSolution
		HideSolutionNode = FALSE
	EndGlobalSection
	GlobalSection(ExtensibilityGlobals) = postSolution
		SolutionGuid = {7D3FD8CB-18A8-4F95-8964-E1F0A61ABEF4}
	EndGlobalSection
EndGlobal
